// !$*UTF8*$!
{
	archiveVersion = 1;
	classes = {
	};
	objectVersion = 50;
	objects = {

/* Begin PBXBuildFile section */
		F308E282216CD8AE00A452D5 /* AppDelegate.swift in Sources */ = {isa = PBXBuildFile; fileRef = F308E281216CD8AE00A452D5 /* AppDelegate.swift */; };
		F308E284216CD8AE00A452D5 /* ViewController.swift in Sources */ = {isa = PBXBuildFile; fileRef = F308E283216CD8AE00A452D5 /* ViewController.swift */; };
		F308E287216CD8AE00A452D5 /* Main.storyboard in Resources */ = {isa = PBXBuildFile; fileRef = F308E285216CD8AE00A452D5 /* Main.storyboard */; };
		F308E289216CD8B000A452D5 /* Assets.xcassets in Resources */ = {isa = PBXBuildFile; fileRef = F308E288216CD8B000A452D5 /* Assets.xcassets */; };
		F308E28C216CD8B000A452D5 /* LaunchScreen.storyboard in Resources */ = {isa = PBXBuildFile; fileRef = F308E28A216CD8B000A452D5 /* LaunchScreen.storyboard */; };
		F308E297216CD8B000A452D5 /* OscletonSampleTests.swift in Sources */ = {isa = PBXBuildFile; fileRef = F308E296216CD8B000A452D5 /* OscletonSampleTests.swift */; };
		F308E2A2216CD8B000A452D5 /* OscletonSampleUITests.swift in Sources */ = {isa = PBXBuildFile; fileRef = F308E2A1216CD8B000A452D5 /* OscletonSampleUITests.swift */; };
/* End PBXBuildFile section */

/* Begin PBXContainerItemProxy section */
		F308E293216CD8B000A452D5 /* PBXContainerItemProxy */ = {
			isa = PBXContainerItemProxy;
			containerPortal = F308E276216CD8AE00A452D5 /* Project object */;
			proxyType = 1;
			remoteGlobalIDString = F308E27D216CD8AE00A452D5;
			remoteInfo = OscletonSample;
		};
		F308E29E216CD8B000A452D5 /* PBXContainerItemProxy */ = {
			isa = PBXContainerItemProxy;
			containerPortal = F308E276216CD8AE00A452D5 /* Project object */;
			proxyType = 1;
			remoteGlobalIDString = F308E27D216CD8AE00A452D5;
			remoteInfo = OscletonSample;
		};
/* End PBXContainerItemProxy section */

/* Begin PBXFileReference section */
		F308E27E216CD8AE00A452D5 /* OscletonSample.app */ = {isa = PBXFileReference; explicitFileType = wrapper.application; includeInIndex = 0; path = OscletonSample.app; sourceTree = BUILT_PRODUCTS_DIR; };
		F308E281216CD8AE00A452D5 /* AppDelegate.swift */ = {isa = PBXFileReference; lastKnownFileType = sourcecode.swift; path = AppDelegate.swift; sourceTree = "<group>"; };
		F308E283216CD8AE00A452D5 /* ViewController.swift */ = {isa = PBXFileReference; lastKnownFileType = sourcecode.swift; path = ViewController.swift; sourceTree = "<group>"; };
		F308E286216CD8AE00A452D5 /* Base */ = {isa = PBXFileReference; lastKnownFileType = file.storyboard; name = Base; path = Base.lproj/Main.storyboard; sourceTree = "<group>"; };
		F308E288216CD8B000A452D5 /* Assets.xcassets */ = {isa = PBXFileReference; lastKnownFileType = folder.assetcatalog; path = Assets.xcassets; sourceTree = "<group>"; };
		F308E28B216CD8B000A452D5 /* Base */ = {isa = PBXFileReference; lastKnownFileType = file.storyboard; name = Base; path = Base.lproj/LaunchScreen.storyboard; sourceTree = "<group>"; };
		F308E28D216CD8B000A452D5 /* Info.plist */ = {isa = PBXFileReference; lastKnownFileType = text.plist.xml; path = Info.plist; sourceTree = "<group>"; };
		F308E292216CD8B000A452D5 /* OscletonSampleTests.xctest */ = {isa = PBXFileReference; explicitFileType = wrapper.cfbundle; includeInIndex = 0; path = OscletonSampleTests.xctest; sourceTree = BUILT_PRODUCTS_DIR; };
		F308E296216CD8B000A452D5 /* OscletonSampleTests.swift */ = {isa = PBXFileReference; lastKnownFileType = sourcecode.swift; path = OscletonSampleTests.swift; sourceTree = "<group>"; };
		F308E298216CD8B000A452D5 /* Info.plist */ = {isa = PBXFileReference; lastKnownFileType = text.plist.xml; path = Info.plist; sourceTree = "<group>"; };
		F308E29D216CD8B000A452D5 /* OscletonSampleUITests.xctest */ = {isa = PBXFileReference; explicitFileType = wrapper.cfbundle; includeInIndex = 0; path = OscletonSampleUITests.xctest; sourceTree = BUILT_PRODUCTS_DIR; };
		F308E2A1216CD8B000A452D5 /* OscletonSampleUITests.swift */ = {isa = PBXFileReference; lastKnownFileType = sourcecode.swift; path = OscletonSampleUITests.swift; sourceTree = "<group>"; };
		F308E2A3216CD8B000A452D5 /* Info.plist */ = {isa = PBXFileReference; lastKnownFileType = text.plist.xml; path = Info.plist; sourceTree = "<group>"; };
/* End PBXFileReference section */

/* Begin PBXFrameworksBuildPhase section */
		F308E27B216CD8AE00A452D5 /* Frameworks */ = {
			isa = PBXFrameworksBuildPhase;
			buildActionMask = 2147483647;
			files = (
			);
			runOnlyForDeploymentPostprocessing = 0;
		};
		F308E28F216CD8B000A452D5 /* Frameworks */ = {
			isa = PBXFrameworksBuildPhase;
			buildActionMask = 2147483647;
			files = (
			);
			runOnlyForDeploymentPostprocessing = 0;
		};
		F308E29A216CD8B000A452D5 /* Frameworks */ = {
			isa = PBXFrameworksBuildPhase;
			buildActionMask = 2147483647;
			files = (
			);
			runOnlyForDeploymentPostprocessing = 0;
		};
/* End PBXFrameworksBuildPhase section */

/* Begin PBXGroup section */
		F308E275216CD8AE00A452D5 = {
			isa = PBXGroup;
			children = (
				F308E280216CD8AE00A452D5 /* OscletonSample */,
				F308E295216CD8B000A452D5 /* OscletonSampleTests */,
				F308E2A0216CD8B000A452D5 /* OscletonSampleUITests */,
				F308E27F216CD8AE00A452D5 /* Products */,
			);
			sourceTree = "<group>";
		};
		F308E27F216CD8AE00A452D5 /* Products */ = {
			isa = PBXGroup;
			children = (
				F308E27E216CD8AE00A452D5 /* OscletonSample.app */,
				F308E292216CD8B000A452D5 /* OscletonSampleTests.xctest */,
				F308E29D216CD8B000A452D5 /* OscletonSampleUITests.xctest */,
			);
			name = Products;
			sourceTree = "<group>";
		};
		F308E280216CD8AE00A452D5 /* OscletonSample */ = {
			isa = PBXGroup;
			children = (
				F308E281216CD8AE00A452D5 /* AppDelegate.swift */,
				F308E283216CD8AE00A452D5 /* ViewController.swift */,
				F308E285216CD8AE00A452D5 /* Main.storyboard */,
				F308E288216CD8B000A452D5 /* Assets.xcassets */,
				F308E28A216CD8B000A452D5 /* LaunchScreen.storyboard */,
				F308E28D216CD8B000A452D5 /* Info.plist */,
			);
			path = OscletonSample;
			sourceTree = "<group>";
		};
		F308E295216CD8B000A452D5 /* OscletonSampleTests */ = {
			isa = PBXGroup;
			children = (
				F308E296216CD8B000A452D5 /* OscletonSampleTests.swift */,
				F308E298216CD8B000A452D5 /* Info.plist */,
			);
			path = OscletonSampleTests;
			sourceTree = "<group>";
		};
		F308E2A0216CD8B000A452D5 /* OscletonSampleUITests */ = {
			isa = PBXGroup;
			children = (
				F308E2A1216CD8B000A452D5 /* OscletonSampleUITests.swift */,
				F308E2A3216CD8B000A452D5 /* Info.plist */,
			);
			path = OscletonSampleUITests;
			sourceTree = "<group>";
		};
/* End PBXGroup section */

/* Begin PBXNativeTarget section */
		F308E27D216CD8AE00A452D5 /* OscletonSample */ = {
			isa = PBXNativeTarget;
			buildConfigurationList = F308E2A6216CD8B000A452D5 /* Build configuration list for PBXNativeTarget "OscletonSample" */;
			buildPhases = (
				F308E27A216CD8AE00A452D5 /* Sources */,
				F308E27B216CD8AE00A452D5 /* Frameworks */,
				F308E27C216CD8AE00A452D5 /* Resources */,
			);
			buildRules = (
			);
			dependencies = (
			);
			name = OscletonSample;
			productName = OscletonSample;
			productReference = F308E27E216CD8AE00A452D5 /* OscletonSample.app */;
			productType = "com.apple.product-type.application";
		};
		F308E291216CD8B000A452D5 /* OscletonSampleTests */ = {
			isa = PBXNativeTarget;
			buildConfigurationList = F308E2A9216CD8B000A452D5 /* Build configuration list for PBXNativeTarget "OscletonSampleTests" */;
			buildPhases = (
				F308E28E216CD8B000A452D5 /* Sources */,
				F308E28F216CD8B000A452D5 /* Frameworks */,
				F308E290216CD8B000A452D5 /* Resources */,
			);
			buildRules = (
			);
			dependencies = (
				F308E294216CD8B000A452D5 /* PBXTargetDependency */,
			);
			name = OscletonSampleTests;
			productName = OscletonSampleTests;
			productReference = F308E292216CD8B000A452D5 /* OscletonSampleTests.xctest */;
			productType = "com.apple.product-type.bundle.unit-test";
		};
		F308E29C216CD8B000A452D5 /* OscletonSampleUITests */ = {
			isa = PBXNativeTarget;
			buildConfigurationList = F308E2AC216CD8B000A452D5 /* Build configuration list for PBXNativeTarget "OscletonSampleUITests" */;
			buildPhases = (
				F308E299216CD8B000A452D5 /* Sources */,
				F308E29A216CD8B000A452D5 /* Frameworks */,
				F308E29B216CD8B000A452D5 /* Resources */,
			);
			buildRules = (
			);
			dependencies = (
				F308E29F216CD8B000A452D5 /* PBXTargetDependency */,
			);
			name = OscletonSampleUITests;
			productName = OscletonSampleUITests;
			productReference = F308E29D216CD8B000A452D5 /* OscletonSampleUITests.xctest */;
			productType = "com.apple.product-type.bundle.ui-testing";
		};
/* End PBXNativeTarget section */

/* Begin PBXProject section */
		F308E276216CD8AE00A452D5 /* Project object */ = {
			isa = PBXProject;
			attributes = {
				LastSwiftUpdateCheck = 1000;
				LastUpgradeCheck = 1000;
				ORGANIZATIONNAME = "Arthur Vimond";
				TargetAttributes = {
					F308E27D216CD8AE00A452D5 = {
						CreatedOnToolsVersion = 10.0;
					};
					F308E291216CD8B000A452D5 = {
						CreatedOnToolsVersion = 10.0;
						TestTargetID = F308E27D216CD8AE00A452D5;
					};
					F308E29C216CD8B000A452D5 = {
						CreatedOnToolsVersion = 10.0;
						TestTargetID = F308E27D216CD8AE00A452D5;
					};
				};
			};
			buildConfigurationList = F308E279216CD8AE00A452D5 /* Build configuration list for PBXProject "OscletonSample" */;
			compatibilityVersion = "Xcode 9.3";
			developmentRegion = en;
			hasScannedForEncodings = 0;
			knownRegions = (
				en,
				Base,
			);
			mainGroup = F308E275216CD8AE00A452D5;
			productRefGroup = F308E27F216CD8AE00A452D5 /* Products */;
			projectDirPath = "";
			projectRoot = "";
			targets = (
				F308E27D216CD8AE00A452D5 /* OscletonSample */,
				F308E291216CD8B000A452D5 /* OscletonSampleTests */,
				F308E29C216CD8B000A452D5 /* OscletonSampleUITests */,
			);
		};
/* End PBXProject section */

/* Begin PBXResourcesBuildPhase section */
		F308E27C216CD8AE00A452D5 /* Resources */ = {
			isa = PBXResourcesBuildPhase;
			buildActionMask = 2147483647;
			files = (
				F308E28C216CD8B000A452D5 /* LaunchScreen.storyboard in Resources */,
				F308E289216CD8B000A452D5 /* Assets.xcassets in Resources */,
				F308E287216CD8AE00A452D5 /* Main.storyboard in Resources */,
			);
			runOnlyForDeploymentPostprocessing = 0;
		};
		F308E290216CD8B000A452D5 /* Resources */ = {
			isa = PBXResourcesBuildPhase;
			buildActionMask = 2147483647;
			files = (
			);
			runOnlyForDeploymentPostprocessing = 0;
		};
		F308E29B216CD8B000A452D5 /* Resources */ = {
			isa = PBXResourcesBuildPhase;
			buildActionMask = 2147483647;
			files = (
			);
			runOnlyForDeploymentPostprocessing = 0;
		};
/* End PBXResourcesBuildPhase section */

/* Begin PBXSourcesBuildPhase section */
		F308E27A216CD8AE00A452D5 /* Sources */ = {
			isa = PBXSourcesBuildPhase;
			buildActionMask = 2147483647;
			files = (
				F308E284216CD8AE00A452D5 /* ViewController.swift in Sources */,
				F308E282216CD8AE00A452D5 /* AppDelegate.swift in Sources */,
			);
			runOnlyForDeploymentPostprocessing = 0;
		};
		F308E28E216CD8B000A452D5 /* Sources */ = {
			isa = PBXSourcesBuildPhase;
			buildActionMask = 2147483647;
			files = (
				F308E297216CD8B000A452D5 /* OscletonSampleTests.swift in Sources */,
			);
			runOnlyForDeploymentPostprocessing = 0;
		};
		F308E299216CD8B000A452D5 /* Sources */ = {
			isa = PBXSourcesBuildPhase;
			buildActionMask = 2147483647;
			files = (
				F308E2A2216CD8B000A452D5 /* OscletonSampleUITests.swift in Sources */,
			);
			runOnlyForDeploymentPostprocessing = 0;
		};
/* End PBXSourcesBuildPhase section */

/* Begin PBXTargetDependency section */
		F308E294216CD8B000A452D5 /* PBXTargetDependency */ = {
			isa = PBXTargetDependency;
			target = F308E27D216CD8AE00A452D5 /* OscletonSample */;
			targetProxy = F308E293216CD8B000A452D5 /* PBXContainerItemProxy */;
		};
		F308E29F216CD8B000A452D5 /* PBXTargetDependency */ = {
			isa = PBXTargetDependency;
			target = F308E27D216CD8AE00A452D5 /* OscletonSample */;
			targetProxy = F308E29E216CD8B000A452D5 /* PBXContainerItemProxy */;
		};
/* End PBXTargetDependency section */

/* Begin PBXVariantGroup section */
		F308E285216CD8AE00A452D5 /* Main.storyboard */ = {
			isa = PBXVariantGroup;
			children = (
				F308E286216CD8AE00A452D5 /* Base */,
			);
			name = Main.storyboard;
			sourceTree = "<group>";
		};
		F308E28A216CD8B000A452D5 /* LaunchScreen.storyboard */ = {
			isa = PBXVariantGroup;
			children = (
				F308E28B216CD8B000A452D5 /* Base */,
			);
			name = LaunchScreen.storyboard;
			sourceTree = "<group>";
		};
/* End PBXVariantGroup section */

/* Begin XCBuildConfiguration section */
		F308E2A4216CD8B000A452D5 /* Debug */ = {
			isa = XCBuildConfiguration;
			buildSettings = {
				ALWAYS_SEARCH_USER_PATHS = NO;
				CLANG_ANALYZER_NONNULL = YES;
				CLANG_ANALYZER_NUMBER_OBJECT_CONVERSION = YES_AGGRESSIVE;
				CLANG_CXX_LANGUAGE_STANDARD = "gnu++14";
				CLANG_CXX_LIBRARY = "libc++";
				CLANG_ENABLE_MODULES = YES;
				CLANG_ENABLE_OBJC_ARC = YES;
				CLANG_ENABLE_OBJC_WEAK = YES;
				CLANG_WARN_BLOCK_CAPTURE_AUTORELEASING = YES;
				CLANG_WARN_BOOL_CONVERSION = YES;
				CLANG_WARN_COMMA = YES;
				CLANG_WARN_CONSTANT_CONVERSION = YES;
				CLANG_WARN_DEPRECATED_OBJC_IMPLEMENTATIONS = YES;
				CLANG_WARN_DIRECT_OBJC_ISA_USAGE = YES_ERROR;
				CLANG_WARN_DOCUMENTATION_COMMENTS = YES;
				CLANG_WARN_EMPTY_BODY = YES;
				CLANG_WARN_ENUM_CONVERSION = YES;
				CLANG_WARN_INFINITE_RECURSION = YES;
				CLANG_WARN_INT_CONVERSION = YES;
				CLANG_WARN_NON_LITERAL_NULL_CONVERSION = YES;
				CLANG_WARN_OBJC_IMPLICIT_RETAIN_SELF = YES;
				CLANG_WARN_OBJC_LITERAL_CONVERSION = YES;
				CLANG_WARN_OBJC_ROOT_CLASS = YES_ERROR;
				CLANG_WARN_RANGE_LOOP_ANALYSIS = YES;
				CLANG_WARN_STRICT_PROTOTYPES = YES;
				CLANG_WARN_SUSPICIOUS_MOVE = YES;
				CLANG_WARN_UNGUARDED_AVAILABILITY = YES_AGGRESSIVE;
				CLANG_WARN_UNREACHABLE_CODE = YES;
				CLANG_WARN__DUPLICATE_METHOD_MATCH = YES;
				CODE_SIGN_IDENTITY = "iPhone Developer";
				COPY_PHASE_STRIP = NO;
				DEBUG_INFORMATION_FORMAT = dwarf;
				ENABLE_STRICT_OBJC_MSGSEND = YES;
				ENABLE_TESTABILITY = YES;
				GCC_C_LANGUAGE_STANDARD = gnu11;
				GCC_DYNAMIC_NO_PIC = NO;
				GCC_NO_COMMON_BLOCKS = YES;
				GCC_OPTIMIZATION_LEVEL = 0;
				GCC_PREPROCESSOR_DEFINITIONS = (
					"DEBUG=1",
					"$(inherited)",
				);
				GCC_WARN_64_TO_32_BIT_CONVERSION = YES;
				GCC_WARN_ABOUT_RETURN_TYPE = YES_ERROR;
				GCC_WARN_UNDECLARED_SELECTOR = YES;
				GCC_WARN_UNINITIALIZED_AUTOS = YES_AGGRESSIVE;
				GCC_WARN_UNUSED_FUNCTION = YES;
				GCC_WARN_UNUSED_VARIABLE = YES;
				IPHONEOS_DEPLOYMENT_TARGET = 12.0;
				MTL_ENABLE_DEBUG_INFO = INCLUDE_SOURCE;
				MTL_FAST_MATH = YES;
				ONLY_ACTIVE_ARCH = YES;
				SDKROOT = iphoneos;
				SWIFT_ACTIVE_COMPILATION_CONDITIONS = DEBUG;
				SWIFT_OPTIMIZATION_LEVEL = "-Onone";
			};
			name = Debug;
		};
		F308E2A5216CD8B000A452D5 /* Release */ = {
			isa = XCBuildConfiguration;
			buildSettings = {
				ALWAYS_SEARCH_USER_PATHS = NO;
				CLANG_ANALYZER_NONNULL = YES;
				CLANG_ANALYZER_NUMBER_OBJECT_CONVERSION = YES_AGGRESSIVE;
				CLANG_CXX_LANGUAGE_STANDARD = "gnu++14";
				CLANG_CXX_LIBRARY = "libc++";
				CLANG_ENABLE_MODULES = YES;
				CLANG_ENABLE_OBJC_ARC = YES;
				CLANG_ENABLE_OBJC_WEAK = YES;
				CLANG_WARN_BLOCK_CAPTURE_AUTORELEASING = YES;
				CLANG_WARN_BOOL_CONVERSION = YES;
				CLANG_WARN_COMMA = YES;
				CLANG_WARN_CONSTANT_CONVERSION = YES;
				CLANG_WARN_DEPRECATED_OBJC_IMPLEMENTATIONS = YES;
				CLANG_WARN_DIRECT_OBJC_ISA_USAGE = YES_ERROR;
				CLANG_WARN_DOCUMENTATION_COMMENTS = YES;
				CLANG_WARN_EMPTY_BODY = YES;
				CLANG_WARN_ENUM_CONVERSION = YES;
				CLANG_WARN_INFINITE_RECURSION = YES;
				CLANG_WARN_INT_CONVERSION = YES;
				CLANG_WARN_NON_LITERAL_NULL_CONVERSION = YES;
				CLANG_WARN_OBJC_IMPLICIT_RETAIN_SELF = YES;
				CLANG_WARN_OBJC_LITERAL_CONVERSION = YES;
				CLANG_WARN_OBJC_ROOT_CLASS = YES_ERROR;
				CLANG_WARN_RANGE_LOOP_ANALYSIS = YES;
				CLANG_WARN_STRICT_PROTOTYPES = YES;
				CLANG_WARN_SUSPICIOUS_MOVE = YES;
				CLANG_WARN_UNGUARDED_AVAILABILITY = YES_AGGRESSIVE;
				CLANG_WARN_UNREACHABLE_CODE = YES;
				CLANG_WARN__DUPLICATE_METHOD_MATCH = YES;
				CODE_SIGN_IDENTITY = "iPhone Developer";
				COPY_PHASE_STRIP = NO;
				DEBUG_INFORMATION_FORMAT = "dwarf-with-dsym";
				ENABLE_NS_ASSERTIONS = NO;
				ENABLE_STRICT_OBJC_MSGSEND = YES;
				GCC_C_LANGUAGE_STANDARD = gnu11;
				GCC_NO_COMMON_BLOCKS = YES;
				GCC_WARN_64_TO_32_BIT_CONVERSION = YES;
				GCC_WARN_ABOUT_RETURN_TYPE = YES_ERROR;
				GCC_WARN_UNDECLARED_SELECTOR = YES;
				GCC_WARN_UNINITIALIZED_AUTOS = YES_AGGRESSIVE;
				GCC_WARN_UNUSED_FUNCTION = YES;
				GCC_WARN_UNUSED_VARIABLE = YES;
				IPHONEOS_DEPLOYMENT_TARGET = 12.0;
				MTL_ENABLE_DEBUG_INFO = NO;
				MTL_FAST_MATH = YES;
				SDKROOT = iphoneos;
				SWIFT_COMPILATION_MODE = wholemodule;
				SWIFT_OPTIMIZATION_LEVEL = "-O";
				VALIDATE_PRODUCT = YES;
			};
			name = Release;
		};
		F308E2A7216CD8B000A452D5 /* Debug */ = {
			isa = XCBuildConfiguration;
			buildSettings = {
				ASSETCATALOG_COMPILER_APPICON_NAME = AppIcon;
				CODE_SIGN_STYLE = Automatic;
				DEVELOPMENT_TEAM = 54PJPCWSAT;
				INFOPLIST_FILE = OscletonSample/Info.plist;
				IPHONEOS_DEPLOYMENT_TARGET = 9.0;
				LD_RUNPATH_SEARCH_PATHS = (
					"$(inherited)",
					"@executable_path/Frameworks",
				);
				PRODUCT_BUNDLE_IDENTIFIER = com.oscleton.sdk.OscletonSample;
				PRODUCT_NAME = "$(TARGET_NAME)";
				SWIFT_VERSION = 4.2;
				TARGETED_DEVICE_FAMILY = "1,2";
			};
			name = Debug;
		};
		F308E2A8216CD8B000A452D5 /* Release */ = {
			isa = XCBuildConfiguration;
			buildSettings = {
				ASSETCATALOG_COMPILER_APPICON_NAME = AppIcon;
				CODE_SIGN_STYLE = Automatic;
				DEVELOPMENT_TEAM = 54PJPCWSAT;
				INFOPLIST_FILE = OscletonSample/Info.plist;
				IPHONEOS_DEPLOYMENT_TARGET = 9.0;
				LD_RUNPATH_SEARCH_PATHS = (
					"$(inherited)",
					"@executable_path/Frameworks",
				);
				PRODUCT_BUNDLE_IDENTIFIER = com.oscleton.sdk.OscletonSample;
				PRODUCT_NAME = "$(TARGET_NAME)";
				SWIFT_VERSION = 4.2;
				TARGETED_DEVICE_FAMILY = "1,2";
			};
			name = Release;
		};
		F308E2AA216CD8B000A452D5 /* Debug */ = {
			isa = XCBuildConfiguration;
			buildSettings = {
				ALWAYS_EMBED_SWIFT_STANDARD_LIBRARIES = YES;
				BUNDLE_LOADER = "$(TEST_HOST)";
				CODE_SIGN_STYLE = Automatic;
				DEVELOPMENT_TEAM = 54PJPCWSAT;
				INFOPLIST_FILE = OscletonSampleTests/Info.plist;
				LD_RUNPATH_SEARCH_PATHS = (
					"$(inherited)",
					"@executable_path/Frameworks",
					"@loader_path/Frameworks",
				);
				PRODUCT_BUNDLE_IDENTIFIER = com.oscleton.sdk.OscletonSampleTests;
				PRODUCT_NAME = "$(TARGET_NAME)";
				SWIFT_VERSION = 4.2;
				TARGETED_DEVICE_FAMILY = "1,2";
				TEST_HOST = "$(BUILT_PRODUCTS_DIR)/OscletonSample.app/OscletonSample";
			};
			name = Debug;
		};
		F308E2AB216CD8B000A452D5 /* Release */ = {
			isa = XCBuildConfiguration;
			buildSettings = {
				ALWAYS_EMBED_SWIFT_STANDARD_LIBRARIES = YES;
				BUNDLE_LOADER = "$(TEST_HOST)";
				CODE_SIGN_STYLE = Automatic;
				DEVELOPMENT_TEAM = 54PJPCWSAT;
				INFOPLIST_FILE = OscletonSampleTests/Info.plist;
				LD_RUNPATH_SEARCH_PATHS = (
					"$(inherited)",
					"@executable_path/Frameworks",
					"@loader_path/Frameworks",
				);
				PRODUCT_BUNDLE_IDENTIFIER = com.oscleton.sdk.OscletonSampleTests;
				PRODUCT_NAME = "$(TARGET_NAME)";
				SWIFT_VERSION = 4.2;
				TARGETED_DEVICE_FAMILY = "1,2";
				TEST_HOST = "$(BUILT_PRODUCTS_DIR)/OscletonSample.app/OscletonSample";
			};
			name = Release;
		};
		F308E2AD216CD8B000A452D5 /* Debug */ = {
			isa = XCBuildConfiguration;
			buildSettings = {
				ALWAYS_EMBED_SWIFT_STANDARD_LIBRARIES = YES;
				CODE_SIGN_STYLE = Automatic;
				DEVELOPMENT_TEAM = 54PJPCWSAT;
				INFOPLIST_FILE = OscletonSampleUITests/Info.plist;
				LD_RUNPATH_SEARCH_PATHS = (
					"$(inherited)",
					"@executable_path/Frameworks",
					"@loader_path/Frameworks",
				);
				PRODUCT_BUNDLE_IDENTIFIER = com.oscleton.sdk.OscletonSampleUITests;
				PRODUCT_NAME = "$(TARGET_NAME)";
				SWIFT_VERSION = 4.2;
				TARGETED_DEVICE_FAMILY = "1,2";
				TEST_TARGET_NAME = OscletonSample;
			};
			name = Debug;
		};
		F308E2AE216CD8B000A452D5 /* Release */ = {
			isa = XCBuildConfiguration;
			buildSettings = {
				ALWAYS_EMBED_SWIFT_STANDARD_LIBRARIES = YES;
				CODE_SIGN_STYLE = Automatic;
				DEVELOPMENT_TEAM = 54PJPCWSAT;
				INFOPLIST_FILE = OscletonSampleUITests/Info.plist;
				LD_RUNPATH_SEARCH_PATHS = (
					"$(inherited)",
					"@executable_path/Frameworks",
					"@loader_path/Frameworks",
				);
				PRODUCT_BUNDLE_IDENTIFIER = com.oscleton.sdk.OscletonSampleUITests;
				PRODUCT_NAME = "$(TARGET_NAME)";
				SWIFT_VERSION = 4.2;
				TARGETED_DEVICE_FAMILY = "1,2";
				TEST_TARGET_NAME = OscletonSample;
			};
			name = Release;
		};
/* End XCBuildConfiguration section */

/* Begin XCConfigurationList section */
		F308E279216CD8AE00A452D5 /* Build configuration list for PBXProject "OscletonSample" */ = {
			isa = XCConfigurationList;
			buildConfigurations = (
				F308E2A4216CD8B000A452D5 /* Debug */,
				F308E2A5216CD8B000A452D5 /* Release */,
			);
			defaultConfigurationIsVisible = 0;
			defaultConfigurationName = Release;
		};
		F308E2A6216CD8B000A452D5 /* Build configuration list for PBXNativeTarget "OscletonSample" */ = {
			isa = XCConfigurationList;
			buildConfigurations = (
				F308E2A7216CD8B000A452D5 /* Debug */,
				F308E2A8216CD8B000A452D5 /* Release */,
			);
			defaultConfigurationIsVisible = 0;
			defaultConfigurationName = Release;
		};
		F308E2A9216CD8B000A452D5 /* Build configuration list for PBXNativeTarget "OscletonSampleTests" */ = {
			isa = XCConfigurationList;
			buildConfigurations = (
				F308E2AA216CD8B000A452D5 /* Debug */,
				F308E2AB216CD8B000A452D5 /* Release */,
			);
			defaultConfigurationIsVisible = 0;
			defaultConfigurationName = Release;
		};
		F308E2AC216CD8B000A452D5 /* Build configuration list for PBXNativeTarget "OscletonSampleUITests" */ = {
			isa = XCConfigurationList;
			buildConfigurations = (
				F308E2AD216CD8B000A452D5 /* Debug */,
				F308E2AE216CD8B000A452D5 /* Release */,
			);
			defaultConfigurationIsVisible = 0;
			defaultConfigurationName = Release;
		};
/* End XCConfigurationList section */
	};
	rootObject = F308E276216CD8AE00A452D5 /* Project object */;
}
